
Microsoft Visual Studio Solution File, Format Version 12.00
# Visual Studio 15
VisualStudioVersion = 15.0.26730.15
MinimumVisualStudioVersion = 10.0.40219.1
Project("{8BC9CEB8-8B4A-11D0-8D11-00A0C91BC942}") = "In Lab", "In Lab.vcxproj", "{1682E5ED-41F0-45D2-B689-BF53E25A17FC}"
EndProject
Global
	GlobalSection(SolutionConfigurationPlatforms) = preSolution
		Debug|x64 = Debug|x64
		Debug|x86 = Debug|x86
		Release|x64 = Release|x64
		Release|x86 = Release|x86
	EndGlobalSection
	GlobalSection(ProjectConfigurationPlatforms) = postSolution
		{1682E5ED-41F0-45D2-B689-BF53E25A17FC}.Debug|x64.ActiveCfg = Debug|x64
		{1682E5ED-41F0-45D2-B689-BF53E25A17FC}.Debug|x64.Build.0 = Debug|x64
		{1682E5ED-41F0-45D2-B689-BF53E25A17FC}.Debug|x86.ActiveCfg = Debug|Win32
		{1682E5ED-41F0-45D2-B689-BF53E25A17FC}.Debug|x86.Build.0 = Debug|Win32
		{1682E5ED-41F0-45D2-B689-BF53E25A17FC}.Release|x64.ActiveCfg = Release|x64
		{1682E5ED-41F0-45D2-B689-BF53E25A17FC}.Release|x64.Build.0 = Release|x64
		{1682E5ED-41F0-45D2-B689-BF53E25A17FC}.Release|x86.ActiveCfg = Release|Win32
		{1682E5ED-41F0-45D2-B689-BF53E25A17FC}.Release|x86.Build.0 = Release|Win32
	EndGlobalSection
	GlobalSection(SolutionProperties) = preSolution
		HideSolutionNode = FALSE
	EndGlobalSection
	GlobalSection(ExtensibilityGlobals) = postSolution
		SolutionGuid = {73A8FD0A-750D-4689-B769-19AAADF4BC77}
	EndGlobalSection
EndGlobal
